# appenv-requirements-hash: a7f195ddbb4f8195b40e1f9c79980b9cd16a2eedb867352c6a7301fde82c5464
-e .[test,doc]
Pygments==2.19.1
SecretStorage==3.3.3
backports.tarfile==1.2.0
build==1.2.2.post1
certifi==2024.12.14
cffi==1.17.1
charset-normalizer==3.4.1
cmarkgfm==2024.11.20
colorama==0.4.6
coverage==7.6.10
cryptography==44.0.0
docutils==0.21.2
exceptiongroup==1.2.2
execnet==2.1.1
flake8==3.9.2
id==1.5.0
idna==3.10
importlib_metadata==8.6.1
iniconfig==2.0.0
jaraco.classes==3.4.0
jaraco.context==6.0.1
jaraco.functools==4.1.0
jeepney==0.8.0
keyring==25.6.0
markdown-it-py==3.0.0
mccabe==0.6.1
mdurl==0.1.2
mock==5.1.0
more-itertools==10.6.0
nh3==0.2.20
packaging==24.2
pluggy==1.5.0
pycodestyle==2.7.0
pycparser==2.22
pydantic==1.10.21
pyflakes==2.3.1
pyproject_hooks==1.2.0
pytest-cache==1.0
pytest-cov==6.0.0
pytest-flake8==1.1.0
pytest-rerunfailures==15.0
pytest-sugar==1.0.0
pytest==8.3.4
python-dotenv==1.0.1
readme_renderer==44.0
requests-toolbelt==1.0.0
requests==2.32.3
rfc3986==2.0.0
rich==13.9.4
six==1.17.0
termcolor==2.5.0
tomli==2.2.1
twine==6.1.0
typing_extensions==4.12.2
urllib3==2.3.0
zest.releaser==9.2.0
zipp==3.21.0
